<?xml version="1.0" encoding="utf-8"?>
<Project ToolsVersion="4.0" xmlns="http://schemas.microsoft.com/developer/msbuild/2003">
  <ItemGroup>
    <Filter Include="Source Files">
      <UniqueIdentifier>{4FC737F1-C7A5-4376-A066-2A32D752A2FF}</UniqueIdentifier>
      <Extensions>cpp;c;cc;cxx;def;odl;idl;hpj;bat;asm;asmx</Extensions>
    </Filter>
    <Filter Include="Header Files">
      <UniqueIdentifier>{93995380-89BD-4b04-88EB-625FBE52EBFB}</UniqueIdentifier>
      <Extensions>h;hh;hpp;hxx;hm;inl;inc;ipp;xsd</Extensions>
    </Filter>
    <Filter Include="Resource Files">
      <UniqueIdentifier>{67DA6AB6-F800-4c08-8B7A-83BB121AAD01}</UniqueIdentifier>
      <Extensions>rc;ico;cur;bmp;dlg;rc2;rct;bin;rgs;gif;jpg;jpeg;jpe;resx;tiff;tif;png;wav;mfcribbon-ms</Extensions>
    </Filter>
    <Filter Include="Images">
      <UniqueIdentifier>{c8c1630a-1e7c-44d9-b2a4-93861983aa0e}</UniqueIdentifier>
    </Filter>
    <Filter Include="Header Files\SpaceMouse">
      <UniqueIdentifier>{400e41b7-5112-4430-82a9-eee4ab8310e6}</UniqueIdentifier>
    </Filter>
    <Filter Include="Source Files\SpaceMouse">
      <UniqueIdentifier>{0d4edeaa-fd95-4048-8563-c8a4cb317fa5}</UniqueIdentifier>
    </Filter>
  </ItemGroup>
  <ItemGroup>
    <ClInclude Include="SimpleHumanGLUT.h">
      <Filter>Header Files</Filter>
    </ClInclude>
    <ClInclude Include="SpaceMouseDemoApp.h">
      <Filter>Header Files</Filter>
    </ClInclude>
    <ClInclude Include="CApertureRay.hpp">
      <Filter>Header Files\SpaceMouse</Filter>
    </ClInclude>
    <ClInclude Include="CCamera3D.hpp">
      <Filter>Header Files\SpaceMouse</Filter>
    </ClInclude>
    <ClInclude Include="CCommandEventArgs.hpp">
      <Filter>Header Files\SpaceMouse</Filter>
    </ClInclude>
    <ClInclude Include="CEventArgs.hpp">
      <Filter>Header Files\SpaceMouse</Filter>
    </ClInclude>
    <ClInclude Include="CKeyEventArgs.hpp">
      <Filter>Header Files\SpaceMouse</Filter>
    </ClInclude>
    <ClInclude Include="CModel3DGroup.hpp">
      <Filter>Header Files\SpaceMouse</Filter>
    </ClInclude>
    <ClInclude Include="CMouseButtonEventArgs.hpp">
      <Filter>Header Files\SpaceMouse</Filter>
    </ClInclude>
    <ClInclude Include="CNavigationModel.hpp">
      <Filter>Header Files\SpaceMouse</Filter>
    </ClInclude>
    <ClInclude Include="CPivot3D.hpp">
      <Filter>Header Files\SpaceMouse</Filter>
    </ClInclude>
    <ClInclude Include="CSpaceMouseController.hpp">
      <Filter>Header Files\SpaceMouse</Filter>
    </ClInclude>
    <ClInclude Include="CSpaceMouseTransform.hpp">
      <Filter>Header Files\SpaceMouse</Filter>
    </ClInclude>
    <ClInclude Include="CViewport3D.hpp">
      <Filter>Header Files\SpaceMouse</Filter>
    </ClInclude>
    <ClInclude Include="CViewportViewModel.hpp">
      <Filter>Header Files\SpaceMouse</Filter>
    </ClInclude>
    <ClInclude Include="IViewModelNavigation.hpp">
      <Filter>Header Files\SpaceMouse</Filter>
    </ClInclude>
    <ClInclude Include="MatrixTransform3D.hpp">
      <Filter>Header Files\SpaceMouse</Filter>
    </ClInclude>
    <ClInclude Include="Point2D.hpp">
      <Filter>Header Files\SpaceMouse</Filter>
    </ClInclude>
    <ClInclude Include="Point3D.hpp">
      <Filter>Header Files\SpaceMouse</Filter>
    </ClInclude>
    <ClInclude Include="Vector3D.hpp">
      <Filter>Header Files\SpaceMouse</Filter>
    </ClInclude>
    <ClInclude Include="SpaceMouseGLUTHelper.hpp">
      <Filter>Header Files\SpaceMouse</Filter>
    </ClInclude>
  </ItemGroup>
  <ItemGroup>
    <ClCompile Include="SimpleHumanGLUT.cpp">
      <Filter>Source Files</Filter>
    </ClCompile>
    <ClCompile Include="SimpleHumanSampleMain.cpp">
      <Filter>Source Files</Filter>
    </ClCompile>
    <ClCompile Include="SpaceMouseDemoApp.cpp">
      <Filter>Source Files</Filter>
    </ClCompile>
    <ClCompile Include="CNavigationModel.cpp">
      <Filter>Source Files\SpaceMouse</Filter>
    </ClCompile>
    <ClCompile Include="CSpaceMouseController.cpp">
      <Filter>Source Files\SpaceMouse</Filter>
    </ClCompile>
    <ClCompile Include="CSpaceMouseTransform.cpp">
      <Filter>Source Files\SpaceMouse</Filter>
    </ClCompile>
    <ClCompile Include="CViewportViewModel.cpp">
      <Filter>Source Files\SpaceMouse</Filter>
    </ClCompile>
    <ClCompile Include="SpaceMouseGLUTHelper.cpp">
      <Filter>Source Files\SpaceMouse</Filter>
    </ClCompile>
  </ItemGroup>
  <ItemGroup>
    <Content Include="Images\clear_selection.png">
      <Filter>Images</Filter>
    </Content>
    <Content Include="Images\close.png">
      <Filter>Images</Filter>
    </Content>
    <Content Include="Images\parallel_view.png">
      <Filter>Images</Filter>
    </Content>
    <Content Include="Images\perspective_view.png">
      <Filter>Images</Filter>
    </Content>
    <Content Include="Images\select_all.png">
      <Filter>Images</Filter>
    </Content>
    <Content Include="Images\about.png">
      <Filter>Images</Filter>
    </Content>
  </ItemGroup>
  <ItemGroup>
    <None Include="SpaceMouseIntegration_README.md" />
    <None Include="ApplyMotionImplementation.md" />
    <None Include="DEBUGGING_NOTES.md" />
    <None Include=".clang-format">
      <Filter>Source Files\SpaceMouse</Filter>
    </None>
  </ItemGroup>
</Project>