<?xml version="1.0" encoding="utf-8"?>
<Project ToolsVersion="4.0" xmlns="http://schemas.microsoft.com/developer/msbuild/2003">
  <ItemGroup>
    <Filter Include="ソース ファイル">
      <UniqueIdentifier>{4FC737F1-C7A5-4376-A066-2A32D752A2FF}</UniqueIdentifier>
      <Extensions>cpp;c;cc;cxx;c++;cppm;ixx;def;odl;idl;hpj;bat;asm;asmx</Extensions>
    </Filter>
    <Filter Include="ヘッダー ファイル">
      <UniqueIdentifier>{93995380-89BD-4b04-88EB-625FBE52EBFB}</UniqueIdentifier>
      <Extensions>h;hh;hpp;hxx;h++;hm;inl;inc;ipp;xsd</Extensions>
    </Filter>
    <Filter Include="リソース ファイル">
      <UniqueIdentifier>{67DA6AB6-F800-4c08-8B7A-83BB121AAD01}</UniqueIdentifier>
      <Extensions>rc;ico;cur;bmp;dlg;rc2;rct;bin;rgs;gif;jpg;jpeg;jpe;resx;tiff;tif;png;wav;mfcribbon-ms</Extensions>
    </Filter>
    <Filter Include="ソース ファイル\よく使うもの">
      <UniqueIdentifier>{fbbe6852-4207-46cc-960a-a8a434761a8f}</UniqueIdentifier>
    </Filter>
    <Filter Include="ヘッダー ファイル\よく使うもの">
      <UniqueIdentifier>{aee8ac3b-774b-47fa-bf02-b4c7d7a60aef}</UniqueIdentifier>
    </Filter>
    <Filter Include="ソース ファイル\SpaceMouse">
      <UniqueIdentifier>{cc51914b-6d8a-4afa-aef2-83c8a9a58f58}</UniqueIdentifier>
    </Filter>
    <Filter Include="ヘッダー ファイル\SpaceMouse">
      <UniqueIdentifier>{2a244006-3567-4c99-b400-548a5c7ed83c}</UniqueIdentifier>
    </Filter>
    <Filter Include="ソース ファイル\SimpleHuman">
      <UniqueIdentifier>{c96fad99-67d2-4adb-8b6b-542a93f5bfdb}</UniqueIdentifier>
    </Filter>
    <Filter Include="ヘッダー ファイル\SimpleHuman">
      <UniqueIdentifier>{93cb4c36-faed-48c3-90ee-f8db3a35dc1e}</UniqueIdentifier>
    </Filter>
    <Filter Include="ヘッダー ファイル\imgui">
      <UniqueIdentifier>{94a6039b-c23f-4033-a2dc-d9e5c514bc97}</UniqueIdentifier>
    </Filter>
    <Filter Include="ソース ファイル\imgui">
      <UniqueIdentifier>{71a6eaf1-78b4-41a5-bbec-67aa53bb801e}</UniqueIdentifier>
    </Filter>
  </ItemGroup>
  <ItemGroup>
    <ClCompile Include="MotionApp.cpp">
      <Filter>ソース ファイル\よく使うもの</Filter>
    </ClCompile>
    <ClCompile Include="SpatialAnalysis.cpp">
      <Filter>ソース ファイル\よく使うもの</Filter>
    </ClCompile>
    <ClCompile Include="TransformGizmo.cpp">
      <Filter>ソース ファイル\よく使うもの</Filter>
    </ClCompile>
    <ClCompile Include="SimpleHumanSampleMain.cpp">
      <Filter>ソース ファイル\よく使うもの</Filter>
    </ClCompile>
    <ClCompile Include="SimpleHuman.cpp">
      <Filter>ソース ファイル\よく使うもの</Filter>
    </ClCompile>
    <ClCompile Include="CSpaceMouseController.cpp">
      <Filter>ソース ファイル\SpaceMouse</Filter>
    </ClCompile>
    <ClCompile Include="CSpaceMouseTransform.cpp">
      <Filter>ソース ファイル\SpaceMouse</Filter>
    </ClCompile>
    <ClCompile Include="CViewportViewModel.cpp">
      <Filter>ソース ファイル\SpaceMouse</Filter>
    </ClCompile>
    <ClCompile Include="SpaceMouseDemoApp.cpp">
      <Filter>ソース ファイル\SpaceMouse</Filter>
    </ClCompile>
    <ClCompile Include="SpaceMouseGLUTHelper.cpp">
      <Filter>ソース ファイル\SpaceMouse</Filter>
    </ClCompile>
    <ClCompile Include="stdafx.cpp">
      <Filter>ソース ファイル\SpaceMouse</Filter>
    </ClCompile>
    <ClCompile Include="BVH.cpp">
      <Filter>ソース ファイル\SimpleHuman</Filter>
    </ClCompile>
    <ClCompile Include="ForwardKinematicsApp.cpp">
      <Filter>ソース ファイル\SimpleHuman</Filter>
    </ClCompile>
    <ClCompile Include="InverseKinematicsCCDApp.cpp">
      <Filter>ソース ファイル\SimpleHuman</Filter>
    </ClCompile>
    <ClCompile Include="KeyframeMotionPlaybackApp.cpp">
      <Filter>ソース ファイル\SimpleHuman</Filter>
    </ClCompile>
    <ClCompile Include="MotionDeformationApp.cpp">
      <Filter>ソース ファイル\SimpleHuman</Filter>
    </ClCompile>
    <ClCompile Include="MotionDeformationEditApp.cpp">
      <Filter>ソース ファイル\SimpleHuman</Filter>
    </ClCompile>
    <ClCompile Include="MotionInterpolationApp.cpp">
      <Filter>ソース ファイル\SimpleHuman</Filter>
    </ClCompile>
    <ClCompile Include="MotionPlaybackApp.cpp">
      <Filter>ソース ファイル\SimpleHuman</Filter>
    </ClCompile>
    <ClCompile Include="MotionPlaybackApp2.cpp">
      <Filter>ソース ファイル\SimpleHuman</Filter>
    </ClCompile>
    <ClCompile Include="MotionPlaybackApp3.cpp">
      <Filter>ソース ファイル\SimpleHuman</Filter>
    </ClCompile>
    <ClCompile Include="MotionTransition.cpp">
      <Filter>ソース ファイル\SimpleHuman</Filter>
    </ClCompile>
    <ClCompile Include="MotionTransitionApp.cpp">
      <Filter>ソース ファイル\SimpleHuman</Filter>
    </ClCompile>
    <ClCompile Include="PostureInterpolationApp.cpp">
      <Filter>ソース ファイル\SimpleHuman</Filter>
    </ClCompile>
    <ClCompile Include="Timeline.cpp">
      <Filter>ソース ファイル\SimpleHuman</Filter>
    </ClCompile>
    <ClCompile Include="CNavigationModel.cpp">
      <Filter>ソース ファイル\SpaceMouse</Filter>
    </ClCompile>
    <ClCompile Include="imgui.cpp">
      <Filter>ソース ファイル\imgui</Filter>
    </ClCompile>
    <ClCompile Include="imgui_demo.cpp">
      <Filter>ソース ファイル\imgui</Filter>
    </ClCompile>
    <ClCompile Include="imgui_draw.cpp">
      <Filter>ソース ファイル\imgui</Filter>
    </ClCompile>
    <ClCompile Include="imgui_impl_glut.cpp">
      <Filter>ソース ファイル\imgui</Filter>
    </ClCompile>
    <ClCompile Include="imgui_impl_opengl2.cpp">
      <Filter>ソース ファイル\imgui</Filter>
    </ClCompile>
    <ClCompile Include="imgui_tables.cpp">
      <Filter>ソース ファイル\imgui</Filter>
    </ClCompile>
    <ClCompile Include="imgui_widgets.cpp">
      <Filter>ソース ファイル\imgui</Filter>
    </ClCompile>
    <ClCompile Include="imgui_main.cpp">
      <Filter>ソース ファイル\imgui</Filter>
    </ClCompile>
    <ClCompile Include="SimpleHumanGLUT.cpp">
      <Filter>ソース ファイル\よく使うもの</Filter>
    </ClCompile>
    <ClCompile Include="MotionPlaybackApp4.cpp">
      <Filter>ソース ファイル\SimpleHuman</Filter>
    </ClCompile>
  </ItemGroup>
  <ItemGroup>
    <ClInclude Include="MotionApp.h">
      <Filter>ヘッダー ファイル\よく使うもの</Filter>
    </ClInclude>
    <ClInclude Include="SimpleHuman.h">
      <Filter>ヘッダー ファイル\よく使うもの</Filter>
    </ClInclude>
    <ClInclude Include="SimpleHumanGLUT.h">
      <Filter>ヘッダー ファイル\よく使うもの</Filter>
    </ClInclude>
    <ClInclude Include="SpatialAnalysis.h">
      <Filter>ヘッダー ファイル\よく使うもの</Filter>
    </ClInclude>
    <ClInclude Include="TransformGizmo.h">
      <Filter>ヘッダー ファイル\よく使うもの</Filter>
    </ClInclude>
    <ClInclude Include="CApertureRay.hpp">
      <Filter>ヘッダー ファイル\SpaceMouse</Filter>
    </ClInclude>
    <ClInclude Include="CCamera3D.hpp">
      <Filter>ヘッダー ファイル\SpaceMouse</Filter>
    </ClInclude>
    <ClInclude Include="CCommandEventArgs.hpp">
      <Filter>ヘッダー ファイル\SpaceMouse</Filter>
    </ClInclude>
    <ClInclude Include="CEventArgs.hpp">
      <Filter>ヘッダー ファイル\SpaceMouse</Filter>
    </ClInclude>
    <ClInclude Include="CKeyEventArgs.hpp">
      <Filter>ヘッダー ファイル\SpaceMouse</Filter>
    </ClInclude>
    <ClInclude Include="CModel3D.hpp">
      <Filter>ヘッダー ファイル\SpaceMouse</Filter>
    </ClInclude>
    <ClInclude Include="CModel3DGroup.hpp">
      <Filter>ヘッダー ファイル\SpaceMouse</Filter>
    </ClInclude>
    <ClInclude Include="CMouseButtonEventArgs.hpp">
      <Filter>ヘッダー ファイル\SpaceMouse</Filter>
    </ClInclude>
    <ClInclude Include="CNavigationModel.hpp">
      <Filter>ヘッダー ファイル\SpaceMouse</Filter>
    </ClInclude>
    <ClInclude Include="CPivot3D.hpp">
      <Filter>ヘッダー ファイル\SpaceMouse</Filter>
    </ClInclude>
    <ClInclude Include="CSpaceMouseController.hpp">
      <Filter>ヘッダー ファイル\SpaceMouse</Filter>
    </ClInclude>
    <ClInclude Include="CSpaceMouseTransform.hpp">
      <Filter>ヘッダー ファイル\SpaceMouse</Filter>
    </ClInclude>
    <ClInclude Include="CViewport3D.hpp">
      <Filter>ヘッダー ファイル\SpaceMouse</Filter>
    </ClInclude>
    <ClInclude Include="CViewportViewModel.hpp">
      <Filter>ヘッダー ファイル\SpaceMouse</Filter>
    </ClInclude>
    <ClInclude Include="ISignals.hpp">
      <Filter>ヘッダー ファイル\SpaceMouse</Filter>
    </ClInclude>
    <ClInclude Include="Matrix3D.hpp">
      <Filter>ヘッダー ファイル\SpaceMouse</Filter>
    </ClInclude>
    <ClInclude Include="MatrixTransform3D.hpp">
      <Filter>ヘッダー ファイル\SpaceMouse</Filter>
    </ClInclude>
    <ClInclude Include="IViewModelNavigation.hpp">
      <Filter>ヘッダー ファイル\SpaceMouse</Filter>
    </ClInclude>
    <ClInclude Include="navlib_math.hpp">
      <Filter>ヘッダー ファイル\SpaceMouse</Filter>
    </ClInclude>
    <ClInclude Include="nod\nod.hpp">
      <Filter>ヘッダー ファイル\SpaceMouse</Filter>
    </ClInclude>
    <ClInclude Include="Point2D.hpp">
      <Filter>ヘッダー ファイル\SpaceMouse</Filter>
    </ClInclude>
    <ClInclude Include="Point3D.hpp">
      <Filter>ヘッダー ファイル\SpaceMouse</Filter>
    </ClInclude>
    <ClInclude Include="Projection.hpp">
      <Filter>ヘッダー ファイル\SpaceMouse</Filter>
    </ClInclude>
    <ClInclude Include="Rect3D.hpp">
      <Filter>ヘッダー ファイル\SpaceMouse</Filter>
    </ClInclude>
    <ClInclude Include="SpaceMouseDemoApp.h">
      <Filter>ヘッダー ファイル\SpaceMouse</Filter>
    </ClInclude>
    <ClInclude Include="SpaceMouseGLUTHelper.hpp">
      <Filter>ヘッダー ファイル\SpaceMouse</Filter>
    </ClInclude>
    <ClInclude Include="Transform3D.hpp">
      <Filter>ヘッダー ファイル\SpaceMouse</Filter>
    </ClInclude>
    <ClInclude Include="Vector3D.hpp">
      <Filter>ヘッダー ファイル\SpaceMouse</Filter>
    </ClInclude>
    <ClInclude Include="BVH.h">
      <Filter>ヘッダー ファイル\SimpleHuman</Filter>
    </ClInclude>
    <ClInclude Include="ForwardKinematicsApp.h">
      <Filter>ヘッダー ファイル\SimpleHuman</Filter>
    </ClInclude>
    <ClInclude Include="InverseKinematicsCCDApp.h">
      <Filter>ヘッダー ファイル\SimpleHuman</Filter>
    </ClInclude>
    <ClInclude Include="KeyframeMotionPlaybackApp.h">
      <Filter>ヘッダー ファイル\SimpleHuman</Filter>
    </ClInclude>
    <ClInclude Include="MotionDeformationApp.h">
      <Filter>ヘッダー ファイル\SimpleHuman</Filter>
    </ClInclude>
    <ClInclude Include="MotionDeformationEditApp.h">
      <Filter>ヘッダー ファイル\SimpleHuman</Filter>
    </ClInclude>
    <ClInclude Include="MotionInterpolationApp.h">
      <Filter>ヘッダー ファイル\SimpleHuman</Filter>
    </ClInclude>
    <ClInclude Include="MotionPlaybackApp.h">
      <Filter>ヘッダー ファイル\SimpleHuman</Filter>
    </ClInclude>
    <ClInclude Include="MotionTransitionApp.h">
      <Filter>ヘッダー ファイル\SimpleHuman</Filter>
    </ClInclude>
    <ClInclude Include="MotionTransition.h">
      <Filter>ヘッダー ファイル\SimpleHuman</Filter>
    </ClInclude>
    <ClInclude Include="PostureInterpolationApp.h">
      <Filter>ヘッダー ファイル\SimpleHuman</Filter>
    </ClInclude>
    <ClInclude Include="Timeline.h">
      <Filter>ヘッダー ファイル\SimpleHuman</Filter>
    </ClInclude>
    <ClInclude Include="imconfig.h">
      <Filter>ヘッダー ファイル\imgui</Filter>
    </ClInclude>
    <ClInclude Include="imgui.h">
      <Filter>ヘッダー ファイル\imgui</Filter>
    </ClInclude>
    <ClInclude Include="imgui_impl_glut.h">
      <Filter>ヘッダー ファイル\imgui</Filter>
    </ClInclude>
    <ClInclude Include="imgui_impl_opengl2.h">
      <Filter>ヘッダー ファイル\imgui</Filter>
    </ClInclude>
    <ClInclude Include="imgui_internal.h">
      <Filter>ヘッダー ファイル\imgui</Filter>
    </ClInclude>
    <ClInclude Include="imstb_rectpack.h">
      <Filter>ヘッダー ファイル\imgui</Filter>
    </ClInclude>
    <ClInclude Include="imstb_textedit.h">
      <Filter>ヘッダー ファイル\imgui</Filter>
    </ClInclude>
    <ClInclude Include="imstb_truetype.h">
      <Filter>ヘッダー ファイル\imgui</Filter>
    </ClInclude>
  </ItemGroup>
</Project>